// !$*UTF8*$!
{
	archiveVersion = 1;
	classes = {
	};
	objectVersion = 56;
	objects = {

/* Begin PBXBuildFile section */
		E940263A29E13EB40000102A /* MarketDataModel.swift in Sources */ = {isa = PBXBuildFile; fileRef = E940263929E13EB40000102A /* MarketDataModel.swift */; };
		E9467FDC29D93D7200EB8F4F /* CoinRowView.swift in Sources */ = {isa = PBXBuildFile; fileRef = E9467FDB29D93D7200EB8F4F /* CoinRowView.swift */; };
		E9467FDE29D93E2400EB8F4F /* PreviewProvider.swift in Sources */ = {isa = PBXBuildFile; fileRef = E9467FDD29D93E2400EB8F4F /* PreviewProvider.swift */; };
		E9467FE029D9457C00EB8F4F /* Double.swift in Sources */ = {isa = PBXBuildFile; fileRef = E9467FDF29D9457C00EB8F4F /* Double.swift */; };
		E94A64A229E4BB7D00CB82EF /* Assets.xcassets in Resources */ = {isa = PBXBuildFile; fileRef = E94A64A129E4BB7D00CB82EF /* Assets.xcassets */; };
		E96C4EEE29D63F0B00ACF1CD /* CryptoServiceAppApp.swift in Sources */ = {isa = PBXBuildFile; fileRef = E96C4EED29D63F0B00ACF1CD /* CryptoServiceAppApp.swift */; };
		E96C4EF029D63F0B00ACF1CD /* ContentView.swift in Sources */ = {isa = PBXBuildFile; fileRef = E96C4EEF29D63F0B00ACF1CD /* ContentView.swift */; };
		E96C4EF529D63F0C00ACF1CD /* Preview Assets.xcassets in Resources */ = {isa = PBXBuildFile; fileRef = E96C4EF429D63F0C00ACF1CD /* Preview Assets.xcassets */; };
		E96C4EFF29D6420100ACF1CD /* Color.swift in Sources */ = {isa = PBXBuildFile; fileRef = E96C4EFE29D6420100ACF1CD /* Color.swift */; };
		E9774B9D29D78DB60069E8F5 /* HomeView.swift in Sources */ = {isa = PBXBuildFile; fileRef = E9774B9C29D78DB60069E8F5 /* HomeView.swift */; };
		E9774BA129D78FE10069E8F5 /* CircleButtonView.swift in Sources */ = {isa = PBXBuildFile; fileRef = E9774BA029D78FE10069E8F5 /* CircleButtonView.swift */; };
		E9774BA429D79B250069E8F5 /* CircleButtonAnimationView.swift in Sources */ = {isa = PBXBuildFile; fileRef = E9774BA229D799A20069E8F5 /* CircleButtonAnimationView.swift */; };
		E9774BA729D7B76D0069E8F5 /* CryptoModel.swift in Sources */ = {isa = PBXBuildFile; fileRef = E9774BA629D7B76D0069E8F5 /* CryptoModel.swift */; };
		E981FC8329DB959C00DFB4F7 /* NetworkingManager.swift in Sources */ = {isa = PBXBuildFile; fileRef = E981FC8229DB959C00DFB4F7 /* NetworkingManager.swift */; };
		E981FC8629DC81D100DFB4F7 /* CoinImageView.swift in Sources */ = {isa = PBXBuildFile; fileRef = E981FC8529DC81D100DFB4F7 /* CoinImageView.swift */; };
		E981FC8829DC88AA00DFB4F7 /* CoinImageService.swift in Sources */ = {isa = PBXBuildFile; fileRef = E981FC8729DC88AA00DFB4F7 /* CoinImageService.swift */; };
		E981FC8A29DCE9CE00DFB4F7 /* CoinImageViewModel.swift in Sources */ = {isa = PBXBuildFile; fileRef = E981FC8929DCE9CE00DFB4F7 /* CoinImageViewModel.swift */; };
		E98876AE29E4BA4300999B52 /* CoinLogoView.swift in Sources */ = {isa = PBXBuildFile; fileRef = E98876AD29E4BA4300999B52 /* CoinLogoView.swift */; };
		E989152929DDD8D500234B20 /* LocalFileManager.swift in Sources */ = {isa = PBXBuildFile; fileRef = E989152829DDD8D500234B20 /* LocalFileManager.swift */; };
		E98D72DF29DE8CD400626D0C /* UIApplication.swift in Sources */ = {isa = PBXBuildFile; fileRef = E98D72DE29DE8CD400626D0C /* UIApplication.swift */; };
		E98D72E129DF94A300626D0C /* StatisticModel.swift in Sources */ = {isa = PBXBuildFile; fileRef = E98D72E029DF94A300626D0C /* StatisticModel.swift */; };
		E98D72E329DF963B00626D0C /* StatisticView.swift in Sources */ = {isa = PBXBuildFile; fileRef = E98D72E229DF963B00626D0C /* StatisticView.swift */; };
		E993E05329DA499A001C5D82 /* HomeViewModel.swift in Sources */ = {isa = PBXBuildFile; fileRef = E993E05229DA499A001C5D82 /* HomeViewModel.swift */; };
		E9A729EC29DB30400057614A /* CoinDataService.swift in Sources */ = {isa = PBXBuildFile; fileRef = E9A729EB29DB30400057614A /* CoinDataService.swift */; };
		E9A802AD29E07D4500F1FF0E /* HomeStatsView.swift in Sources */ = {isa = PBXBuildFile; fileRef = E9A802AC29E07D4500F1FF0E /* HomeStatsView.swift */; };
		E9AF57E029DE75CC00CD5717 /* SearchBarView.swift in Sources */ = {isa = PBXBuildFile; fileRef = E9AF57DF29DE75CC00CD5717 /* SearchBarView.swift */; };
		E9D1C15129E3AFB500650A5A /* MarketDataService.swift in Sources */ = {isa = PBXBuildFile; fileRef = E9D1C15029E3AFB500650A5A /* MarketDataService.swift */; };
		E9D1C15329E3BF5900650A5A /* PortfolioView.swift in Sources */ = {isa = PBXBuildFile; fileRef = E9D1C15229E3BF5900650A5A /* PortfolioView.swift */; };
		E9D1C15529E3C38400650A5A /* XmarkButton.swift in Sources */ = {isa = PBXBuildFile; fileRef = E9D1C15429E3C38400650A5A /* XmarkButton.swift */; };
		E9EB766329E506D200C9BA0F /* PortfolioContainer.xcdatamodeld in Sources */ = {isa = PBXBuildFile; fileRef = E9EB766129E506D200C9BA0F /* PortfolioContainer.xcdatamodeld */; };
		E9EB766529E50B6A00C9BA0F /* PortfolioDataService.swift in Sources */ = {isa = PBXBuildFile; fileRef = E9EB766429E50B6A00C9BA0F /* PortfolioDataService.swift */; };
		E9EB766729E66CA400C9BA0F /* HapticManager.swift in Sources */ = {isa = PBXBuildFile; fileRef = E9EB766629E66CA400C9BA0F /* HapticManager.swift */; };
		E9EB766C29E88C2500C9BA0F /* DetailView.swift in Sources */ = {isa = PBXBuildFile; fileRef = E9EB766B29E88C2500C9BA0F /* DetailView.swift */; };
/* End PBXBuildFile section */

/* Begin PBXFileReference section */
		E940263929E13EB40000102A /* MarketDataModel.swift */ = {isa = PBXFileReference; lastKnownFileType = sourcecode.swift; path = MarketDataModel.swift; sourceTree = "<group>"; };
		E9467FDB29D93D7200EB8F4F /* CoinRowView.swift */ = {isa = PBXFileReference; lastKnownFileType = sourcecode.swift; path = CoinRowView.swift; sourceTree = "<group>"; };
		E9467FDD29D93E2400EB8F4F /* PreviewProvider.swift */ = {isa = PBXFileReference; lastKnownFileType = sourcecode.swift; path = PreviewProvider.swift; sourceTree = "<group>"; };
		E9467FDF29D9457C00EB8F4F /* Double.swift */ = {isa = PBXFileReference; lastKnownFileType = sourcecode.swift; path = Double.swift; sourceTree = "<group>"; };
		E94A64A129E4BB7D00CB82EF /* Assets.xcassets */ = {isa = PBXFileReference; lastKnownFileType = folder.assetcatalog; path = Assets.xcassets; sourceTree = "<group>"; };
		E96C4EEA29D63F0B00ACF1CD /* CryptoServiceApp.app */ = {isa = PBXFileReference; explicitFileType = wrapper.application; includeInIndex = 0; path = CryptoServiceApp.app; sourceTree = BUILT_PRODUCTS_DIR; };
		E96C4EED29D63F0B00ACF1CD /* CryptoServiceAppApp.swift */ = {isa = PBXFileReference; lastKnownFileType = sourcecode.swift; path = CryptoServiceAppApp.swift; sourceTree = "<group>"; };
		E96C4EEF29D63F0B00ACF1CD /* ContentView.swift */ = {isa = PBXFileReference; lastKnownFileType = sourcecode.swift; path = ContentView.swift; sourceTree = "<group>"; };
		E96C4EF429D63F0C00ACF1CD /* Preview Assets.xcassets */ = {isa = PBXFileReference; lastKnownFileType = folder.assetcatalog; path = "Preview Assets.xcassets"; sourceTree = "<group>"; };
		E96C4EFE29D6420100ACF1CD /* Color.swift */ = {isa = PBXFileReference; lastKnownFileType = sourcecode.swift; path = Color.swift; sourceTree = "<group>"; };
		E9774B9C29D78DB60069E8F5 /* HomeView.swift */ = {isa = PBXFileReference; lastKnownFileType = sourcecode.swift; path = HomeView.swift; sourceTree = "<group>"; };
		E9774BA029D78FE10069E8F5 /* CircleButtonView.swift */ = {isa = PBXFileReference; lastKnownFileType = sourcecode.swift; path = CircleButtonView.swift; sourceTree = "<group>"; };
		E9774BA229D799A20069E8F5 /* CircleButtonAnimationView.swift */ = {isa = PBXFileReference; lastKnownFileType = sourcecode.swift; path = CircleButtonAnimationView.swift; sourceTree = "<group>"; };
		E9774BA629D7B76D0069E8F5 /* CryptoModel.swift */ = {isa = PBXFileReference; lastKnownFileType = sourcecode.swift; path = CryptoModel.swift; sourceTree = "<group>"; };
		E981FC8229DB959C00DFB4F7 /* NetworkingManager.swift */ = {isa = PBXFileReference; lastKnownFileType = sourcecode.swift; path = NetworkingManager.swift; sourceTree = "<group>"; };
		E981FC8529DC81D100DFB4F7 /* CoinImageView.swift */ = {isa = PBXFileReference; lastKnownFileType = sourcecode.swift; path = CoinImageView.swift; sourceTree = "<group>"; };
		E981FC8729DC88AA00DFB4F7 /* CoinImageService.swift */ = {isa = PBXFileReference; lastKnownFileType = sourcecode.swift; path = CoinImageService.swift; sourceTree = "<group>"; };
		E981FC8929DCE9CE00DFB4F7 /* CoinImageViewModel.swift */ = {isa = PBXFileReference; lastKnownFileType = sourcecode.swift; path = CoinImageViewModel.swift; sourceTree = "<group>"; };
		E98876AD29E4BA4300999B52 /* CoinLogoView.swift */ = {isa = PBXFileReference; lastKnownFileType = sourcecode.swift; path = CoinLogoView.swift; sourceTree = "<group>"; };
		E989152829DDD8D500234B20 /* LocalFileManager.swift */ = {isa = PBXFileReference; lastKnownFileType = sourcecode.swift; path = LocalFileManager.swift; sourceTree = "<group>"; };
		E98D72DD29DE8B0A00626D0C /* Info.plist */ = {isa = PBXFileReference; lastKnownFileType = text.plist; path = Info.plist; sourceTree = "<group>"; };
		E98D72DE29DE8CD400626D0C /* UIApplication.swift */ = {isa = PBXFileReference; lastKnownFileType = sourcecode.swift; path = UIApplication.swift; sourceTree = "<group>"; };
		E98D72E029DF94A300626D0C /* StatisticModel.swift */ = {isa = PBXFileReference; lastKnownFileType = sourcecode.swift; path = StatisticModel.swift; sourceTree = "<group>"; };
		E98D72E229DF963B00626D0C /* StatisticView.swift */ = {isa = PBXFileReference; lastKnownFileType = sourcecode.swift; path = StatisticView.swift; sourceTree = "<group>"; };
		E993E05229DA499A001C5D82 /* HomeViewModel.swift */ = {isa = PBXFileReference; lastKnownFileType = sourcecode.swift; path = HomeViewModel.swift; sourceTree = "<group>"; };
		E9A729EB29DB30400057614A /* CoinDataService.swift */ = {isa = PBXFileReference; lastKnownFileType = sourcecode.swift; path = CoinDataService.swift; sourceTree = "<group>"; };
		E9A802AC29E07D4500F1FF0E /* HomeStatsView.swift */ = {isa = PBXFileReference; lastKnownFileType = sourcecode.swift; path = HomeStatsView.swift; sourceTree = "<group>"; };
		E9AF57DF29DE75CC00CD5717 /* SearchBarView.swift */ = {isa = PBXFileReference; lastKnownFileType = sourcecode.swift; path = SearchBarView.swift; sourceTree = "<group>"; };
		E9D1C15029E3AFB500650A5A /* MarketDataService.swift */ = {isa = PBXFileReference; lastKnownFileType = sourcecode.swift; path = MarketDataService.swift; sourceTree = "<group>"; };
		E9D1C15229E3BF5900650A5A /* PortfolioView.swift */ = {isa = PBXFileReference; lastKnownFileType = sourcecode.swift; path = PortfolioView.swift; sourceTree = "<group>"; };
		E9D1C15429E3C38400650A5A /* XmarkButton.swift */ = {isa = PBXFileReference; lastKnownFileType = sourcecode.swift; path = XmarkButton.swift; sourceTree = "<group>"; };
		E9EB766229E506D200C9BA0F /* PortfolioContainer.xcdatamodel */ = {isa = PBXFileReference; lastKnownFileType = wrapper.xcdatamodel; path = PortfolioContainer.xcdatamodel; sourceTree = "<group>"; };
		E9EB766429E50B6A00C9BA0F /* PortfolioDataService.swift */ = {isa = PBXFileReference; lastKnownFileType = sourcecode.swift; path = PortfolioDataService.swift; sourceTree = "<group>"; };
		E9EB766629E66CA400C9BA0F /* HapticManager.swift */ = {isa = PBXFileReference; lastKnownFileType = sourcecode.swift; path = HapticManager.swift; sourceTree = "<group>"; };
		E9EB766B29E88C2500C9BA0F /* DetailView.swift */ = {isa = PBXFileReference; lastKnownFileType = sourcecode.swift; path = DetailView.swift; sourceTree = "<group>"; };
/* End PBXFileReference section */

/* Begin PBXFrameworksBuildPhase section */
		E96C4EE729D63F0B00ACF1CD /* Frameworks */ = {
			isa = PBXFrameworksBuildPhase;
			buildActionMask = 2147483647;
			files = (
			);
			runOnlyForDeploymentPostprocessing = 0;
		};
/* End PBXFrameworksBuildPhase section */

/* Begin PBXGroup section */
		E96C4EE129D63F0B00ACF1CD = {
			isa = PBXGroup;
			children = (
				E96C4EEC29D63F0B00ACF1CD /* CryptoServiceApp */,
				E96C4EEB29D63F0B00ACF1CD /* Products */,
			);
			sourceTree = "<group>";
		};
		E96C4EEB29D63F0B00ACF1CD /* Products */ = {
			isa = PBXGroup;
			children = (
				E96C4EEA29D63F0B00ACF1CD /* CryptoServiceApp.app */,
			);
			name = Products;
			sourceTree = "<group>";
		};
		E96C4EEC29D63F0B00ACF1CD /* CryptoServiceApp */ = {
			isa = PBXGroup;
			children = (
				E98D72DD29DE8B0A00626D0C /* Info.plist */,
				E96C4EED29D63F0B00ACF1CD /* CryptoServiceAppApp.swift */,
				E981FC8129DB952D00DFB4F7 /* Utilities */,
				E9A729EA29DB2FF50057614A /* Services */,
				E9774BA529D7B7130069E8F5 /* Models */,
				E96C4EFD29D6413B00ACF1CD /* Extensions */,
				E9774B9829D78C160069E8F5 /* Core */,
				E96C4EEF29D63F0B00ACF1CD /* ContentView.swift */,
				E94A64A129E4BB7D00CB82EF /* Assets.xcassets */,
				E96C4EF329D63F0C00ACF1CD /* Preview Content */,
			);
			path = CryptoServiceApp;
			sourceTree = "<group>";
		};
		E96C4EF329D63F0C00ACF1CD /* Preview Content */ = {
			isa = PBXGroup;
			children = (
				E96C4EF429D63F0C00ACF1CD /* Preview Assets.xcassets */,
			);
			path = "Preview Content";
			sourceTree = "<group>";
		};
		E96C4EFD29D6413B00ACF1CD /* Extensions */ = {
			isa = PBXGroup;
			children = (
				E96C4EFE29D6420100ACF1CD /* Color.swift */,
				E9467FDD29D93E2400EB8F4F /* PreviewProvider.swift */,
				E9467FDF29D9457C00EB8F4F /* Double.swift */,
				E98D72DE29DE8CD400626D0C /* UIApplication.swift */,
			);
			path = Extensions;
			sourceTree = "<group>";
		};
		E9774B9829D78C160069E8F5 /* Core */ = {
			isa = PBXGroup;
			children = (
				E9774B9E29D78FA50069E8F5 /* Components */,
				E9774B9929D78C540069E8F5 /* Home */,
				E9EB766829E88BBD00C9BA0F /* Detail */,
			);
			name = Core;
			sourceTree = "<group>";
		};
		E9774B9929D78C540069E8F5 /* Home */ = {
			isa = PBXGroup;
			children = (
				E9774B9A29D78C630069E8F5 /* ViewModels */,
				E9774B9B29D78C690069E8F5 /* Views */,
			);
			name = Home;
			sourceTree = "<group>";
		};
		E9774B9A29D78C630069E8F5 /* ViewModels */ = {
			isa = PBXGroup;
			children = (
				E993E05229DA499A001C5D82 /* HomeViewModel.swift */,
			);
			name = ViewModels;
			sourceTree = "<group>";
		};
		E9774B9B29D78C690069E8F5 /* Views */ = {
			isa = PBXGroup;
			children = (
				E9774B9C29D78DB60069E8F5 /* HomeView.swift */,
				E9467FDB29D93D7200EB8F4F /* CoinRowView.swift */,
				E9A802AC29E07D4500F1FF0E /* HomeStatsView.swift */,
				E9D1C15229E3BF5900650A5A /* PortfolioView.swift */,
			);
			name = Views;
			sourceTree = "<group>";
		};
		E9774B9E29D78FA50069E8F5 /* Components */ = {
			isa = PBXGroup;
			children = (
				E981FC8429DC819900DFB4F7 /* CoinImage */,
				E9774B9F29D78FC50069E8F5 /* CircleButton */,
				E9AF57DF29DE75CC00CD5717 /* SearchBarView.swift */,
				E98D72E229DF963B00626D0C /* StatisticView.swift */,
				E9D1C15429E3C38400650A5A /* XmarkButton.swift */,
			);
			name = Components;
			sourceTree = "<group>";
		};
		E9774B9F29D78FC50069E8F5 /* CircleButton */ = {
			isa = PBXGroup;
			children = (
				E9774BA029D78FE10069E8F5 /* CircleButtonView.swift */,
				E9774BA229D799A20069E8F5 /* CircleButtonAnimationView.swift */,
			);
			name = CircleButton;
			sourceTree = "<group>";
		};
		E9774BA529D7B7130069E8F5 /* Models */ = {
			isa = PBXGroup;
			children = (
				E9774BA629D7B76D0069E8F5 /* CryptoModel.swift */,
				E98D72E029DF94A300626D0C /* StatisticModel.swift */,
				E940263929E13EB40000102A /* MarketDataModel.swift */,
				E9EB766129E506D200C9BA0F /* PortfolioContainer.xcdatamodeld */,
			);
			path = Models;
			sourceTree = "<group>";
		};
		E981FC8129DB952D00DFB4F7 /* Utilities */ = {
			isa = PBXGroup;
			children = (
				E981FC8229DB959C00DFB4F7 /* NetworkingManager.swift */,
				E989152829DDD8D500234B20 /* LocalFileManager.swift */,
				E9EB766629E66CA400C9BA0F /* HapticManager.swift */,
			);
			path = Utilities;
			sourceTree = "<group>";
		};
		E981FC8429DC819900DFB4F7 /* CoinImage */ = {
			isa = PBXGroup;
			children = (
				E981FC8529DC81D100DFB4F7 /* CoinImageView.swift */,
				E981FC8929DCE9CE00DFB4F7 /* CoinImageViewModel.swift */,
				E98876AD29E4BA4300999B52 /* CoinLogoView.swift */,
			);
			name = CoinImage;
			sourceTree = "<group>";
		};
		E9A729EA29DB2FF50057614A /* Services */ = {
			isa = PBXGroup;
			children = (
				E9A729EB29DB30400057614A /* CoinDataService.swift */,
				E981FC8729DC88AA00DFB4F7 /* CoinImageService.swift */,
				E9D1C15029E3AFB500650A5A /* MarketDataService.swift */,
				E9EB766429E50B6A00C9BA0F /* PortfolioDataService.swift */,
			);
			path = Services;
			sourceTree = "<group>";
		};
		E9EB766829E88BBD00C9BA0F /* Detail */ = {
			isa = PBXGroup;
			children = (
				E9EB766929E88BDF00C9BA0F /* ViewModels */,
				E9EB766A29E88BEB00C9BA0F /* Views */,
			);
			name = Detail;
			sourceTree = "<group>";
		};
		E9EB766929E88BDF00C9BA0F /* ViewModels */ = {
			isa = PBXGroup;
			children = (
			);
			name = ViewModels;
			sourceTree = "<group>";
		};
		E9EB766A29E88BEB00C9BA0F /* Views */ = {
			isa = PBXGroup;
			children = (
				E9EB766B29E88C2500C9BA0F /* DetailView.swift */,
			);
			name = Views;
			sourceTree = "<group>";
		};
/* End PBXGroup section */

/* Begin PBXNativeTarget section */
		E96C4EE929D63F0B00ACF1CD /* CryptoServiceApp */ = {
			isa = PBXNativeTarget;
			buildConfigurationList = E96C4EF829D63F0C00ACF1CD /* Build configuration list for PBXNativeTarget "CryptoServiceApp" */;
			buildPhases = (
				E96C4EE629D63F0B00ACF1CD /* Sources */,
				E96C4EE729D63F0B00ACF1CD /* Frameworks */,
				E96C4EE829D63F0B00ACF1CD /* Resources */,
			);
			buildRules = (
			);
			dependencies = (
			);
			name = CryptoServiceApp;
			productName = CryptoServiceApp;
			productReference = E96C4EEA29D63F0B00ACF1CD /* CryptoServiceApp.app */;
			productType = "com.apple.product-type.application";
		};
/* End PBXNativeTarget section */

/* Begin PBXProject section */
		E96C4EE229D63F0B00ACF1CD /* Project object */ = {
			isa = PBXProject;
			attributes = {
				BuildIndependentTargetsInParallel = 1;
				LastSwiftUpdateCheck = 1420;
				LastUpgradeCheck = 1420;
				TargetAttributes = {
					E96C4EE929D63F0B00ACF1CD = {
						CreatedOnToolsVersion = 14.2;
					};
				};
			};
			buildConfigurationList = E96C4EE529D63F0B00ACF1CD /* Build configuration list for PBXProject "CryptoServiceApp" */;
			compatibilityVersion = "Xcode 14.0";
			developmentRegion = en;
			hasScannedForEncodings = 0;
			knownRegions = (
				en,
				Base,
			);
			mainGroup = E96C4EE129D63F0B00ACF1CD;
			productRefGroup = E96C4EEB29D63F0B00ACF1CD /* Products */;
			projectDirPath = "";
			projectRoot = "";
			targets = (
				E96C4EE929D63F0B00ACF1CD /* CryptoServiceApp */,
			);
		};
/* End PBXProject section */

/* Begin PBXResourcesBuildPhase section */
		E96C4EE829D63F0B00ACF1CD /* Resources */ = {
			isa = PBXResourcesBuildPhase;
			buildActionMask = 2147483647;
			files = (
				E96C4EF529D63F0C00ACF1CD /* Preview Assets.xcassets in Resources */,
				E94A64A229E4BB7D00CB82EF /* Assets.xcassets in Resources */,
			);
			runOnlyForDeploymentPostprocessing = 0;
		};
/* End PBXResourcesBuildPhase section */

/* Begin PBXSourcesBuildPhase section */
		E96C4EE629D63F0B00ACF1CD /* Sources */ = {
			isa = PBXSourcesBuildPhase;
			buildActionMask = 2147483647;
			files = (
				E9EB766329E506D200C9BA0F /* PortfolioContainer.xcdatamodeld in Sources */,
				E98D72E129DF94A300626D0C /* StatisticModel.swift in Sources */,
				E9A729EC29DB30400057614A /* CoinDataService.swift in Sources */,
				E9467FDC29D93D7200EB8F4F /* CoinRowView.swift in Sources */,
				E993E05329DA499A001C5D82 /* HomeViewModel.swift in Sources */,
				E96C4EF029D63F0B00ACF1CD /* ContentView.swift in Sources */,
				E989152929DDD8D500234B20 /* LocalFileManager.swift in Sources */,
				E940263A29E13EB40000102A /* MarketDataModel.swift in Sources */,
				E9774B9D29D78DB60069E8F5 /* HomeView.swift in Sources */,
				E98D72E329DF963B00626D0C /* StatisticView.swift in Sources */,
				E981FC8629DC81D100DFB4F7 /* CoinImageView.swift in Sources */,
				E9774BA729D7B76D0069E8F5 /* CryptoModel.swift in Sources */,
				E98D72DF29DE8CD400626D0C /* UIApplication.swift in Sources */,
				E96C4EEE29D63F0B00ACF1CD /* CryptoServiceAppApp.swift in Sources */,
				E9774BA129D78FE10069E8F5 /* CircleButtonView.swift in Sources */,
				E9AF57E029DE75CC00CD5717 /* SearchBarView.swift in Sources */,
				E9EB766C29E88C2500C9BA0F /* DetailView.swift in Sources */,
				E9EB766729E66CA400C9BA0F /* HapticManager.swift in Sources */,
				E981FC8329DB959C00DFB4F7 /* NetworkingManager.swift in Sources */,
				E9A802AD29E07D4500F1FF0E /* HomeStatsView.swift in Sources */,
				E98876AE29E4BA4300999B52 /* CoinLogoView.swift in Sources */,
				E9D1C15529E3C38400650A5A /* XmarkButton.swift in Sources */,
				E9D1C15129E3AFB500650A5A /* MarketDataService.swift in Sources */,
				E96C4EFF29D6420100ACF1CD /* Color.swift in Sources */,
				E981FC8A29DCE9CE00DFB4F7 /* CoinImageViewModel.swift in Sources */,
				E9467FDE29D93E2400EB8F4F /* PreviewProvider.swift in Sources */,
				E9D1C15329E3BF5900650A5A /* PortfolioView.swift in Sources */,
				E9467FE029D9457C00EB8F4F /* Double.swift in Sources */,
				E981FC8829DC88AA00DFB4F7 /* CoinImageService.swift in Sources */,
				E9774BA429D79B250069E8F5 /* CircleButtonAnimationView.swift in Sources */,
				E9EB766529E50B6A00C9BA0F /* PortfolioDataService.swift in Sources */,
			);
			runOnlyForDeploymentPostprocessing = 0;
		};
/* End PBXSourcesBuildPhase section */

/* Begin XCBuildConfiguration section */
		E96C4EF629D63F0C00ACF1CD /* Debug */ = {
			isa = XCBuildConfiguration;
			buildSettings = {
				ALWAYS_SEARCH_USER_PATHS = NO;
				CLANG_ANALYZER_NONNULL = YES;
				CLANG_ANALYZER_NUMBER_OBJECT_CONVERSION = YES_AGGRESSIVE;
				CLANG_CXX_LANGUAGE_STANDARD = "gnu++20";
				CLANG_ENABLE_MODULES = YES;
				CLANG_ENABLE_OBJC_ARC = YES;
				CLANG_ENABLE_OBJC_WEAK = YES;
				CLANG_WARN_BLOCK_CAPTURE_AUTORELEASING = YES;
				CLANG_WARN_BOOL_CONVERSION = YES;
				CLANG_WARN_COMMA = YES;
				CLANG_WARN_CONSTANT_CONVERSION = YES;
				CLANG_WARN_DEPRECATED_OBJC_IMPLEMENTATIONS = YES;
				CLANG_WARN_DIRECT_OBJC_ISA_USAGE = YES_ERROR;
				CLANG_WARN_DOCUMENTATION_COMMENTS = YES;
				CLANG_WARN_EMPTY_BODY = YES;
				CLANG_WARN_ENUM_CONVERSION = YES;
				CLANG_WARN_INFINITE_RECURSION = YES;
				CLANG_WARN_INT_CONVERSION = YES;
				CLANG_WARN_NON_LITERAL_NULL_CONVERSION = YES;
				CLANG_WARN_OBJC_IMPLICIT_RETAIN_SELF = YES;
				CLANG_WARN_OBJC_LITERAL_CONVERSION = YES;
				CLANG_WARN_OBJC_ROOT_CLASS = YES_ERROR;
				CLANG_WARN_QUOTED_INCLUDE_IN_FRAMEWORK_HEADER = YES;
				CLANG_WARN_RANGE_LOOP_ANALYSIS = YES;
				CLANG_WARN_STRICT_PROTOTYPES = YES;
				CLANG_WARN_SUSPICIOUS_MOVE = YES;
				CLANG_WARN_UNGUARDED_AVAILABILITY = YES_AGGRESSIVE;
				CLANG_WARN_UNREACHABLE_CODE = YES;
				CLANG_WARN__DUPLICATE_METHOD_MATCH = YES;
				COPY_PHASE_STRIP = NO;
				DEBUG_INFORMATION_FORMAT = dwarf;
				ENABLE_STRICT_OBJC_MSGSEND = YES;
				ENABLE_TESTABILITY = YES;
				GCC_C_LANGUAGE_STANDARD = gnu11;
				GCC_DYNAMIC_NO_PIC = NO;
				GCC_NO_COMMON_BLOCKS = YES;
				GCC_OPTIMIZATION_LEVEL = 0;
				GCC_PREPROCESSOR_DEFINITIONS = (
					"DEBUG=1",
					"$(inherited)",
				);
				GCC_WARN_64_TO_32_BIT_CONVERSION = YES;
				GCC_WARN_ABOUT_RETURN_TYPE = YES_ERROR;
				GCC_WARN_UNDECLARED_SELECTOR = YES;
				GCC_WARN_UNINITIALIZED_AUTOS = YES_AGGRESSIVE;
				GCC_WARN_UNUSED_FUNCTION = YES;
				GCC_WARN_UNUSED_VARIABLE = YES;
				IPHONEOS_DEPLOYMENT_TARGET = 16.2;
				MTL_ENABLE_DEBUG_INFO = INCLUDE_SOURCE;
				MTL_FAST_MATH = YES;
				ONLY_ACTIVE_ARCH = YES;
				SDKROOT = iphoneos;
				SWIFT_ACTIVE_COMPILATION_CONDITIONS = DEBUG;
				SWIFT_OPTIMIZATION_LEVEL = "-Onone";
			};
			name = Debug;
		};
		E96C4EF729D63F0C00ACF1CD /* Release */ = {
			isa = XCBuildConfiguration;
			buildSettings = {
				ALWAYS_SEARCH_USER_PATHS = NO;
				CLANG_ANALYZER_NONNULL = YES;
				CLANG_ANALYZER_NUMBER_OBJECT_CONVERSION = YES_AGGRESSIVE;
				CLANG_CXX_LANGUAGE_STANDARD = "gnu++20";
				CLANG_ENABLE_MODULES = YES;
				CLANG_ENABLE_OBJC_ARC = YES;
				CLANG_ENABLE_OBJC_WEAK = YES;
				CLANG_WARN_BLOCK_CAPTURE_AUTORELEASING = YES;
				CLANG_WARN_BOOL_CONVERSION = YES;
				CLANG_WARN_COMMA = YES;
				CLANG_WARN_CONSTANT_CONVERSION = YES;
				CLANG_WARN_DEPRECATED_OBJC_IMPLEMENTATIONS = YES;
				CLANG_WARN_DIRECT_OBJC_ISA_USAGE = YES_ERROR;
				CLANG_WARN_DOCUMENTATION_COMMENTS = YES;
				CLANG_WARN_EMPTY_BODY = YES;
				CLANG_WARN_ENUM_CONVERSION = YES;
				CLANG_WARN_INFINITE_RECURSION = YES;
				CLANG_WARN_INT_CONVERSION = YES;
				CLANG_WARN_NON_LITERAL_NULL_CONVERSION = YES;
				CLANG_WARN_OBJC_IMPLICIT_RETAIN_SELF = YES;
				CLANG_WARN_OBJC_LITERAL_CONVERSION = YES;
				CLANG_WARN_OBJC_ROOT_CLASS = YES_ERROR;
				CLANG_WARN_QUOTED_INCLUDE_IN_FRAMEWORK_HEADER = YES;
				CLANG_WARN_RANGE_LOOP_ANALYSIS = YES;
				CLANG_WARN_STRICT_PROTOTYPES = YES;
				CLANG_WARN_SUSPICIOUS_MOVE = YES;
				CLANG_WARN_UNGUARDED_AVAILABILITY = YES_AGGRESSIVE;
				CLANG_WARN_UNREACHABLE_CODE = YES;
				CLANG_WARN__DUPLICATE_METHOD_MATCH = YES;
				COPY_PHASE_STRIP = NO;
				DEBUG_INFORMATION_FORMAT = "dwarf-with-dsym";
				ENABLE_NS_ASSERTIONS = NO;
				ENABLE_STRICT_OBJC_MSGSEND = YES;
				GCC_C_LANGUAGE_STANDARD = gnu11;
				GCC_NO_COMMON_BLOCKS = YES;
				GCC_WARN_64_TO_32_BIT_CONVERSION = YES;
				GCC_WARN_ABOUT_RETURN_TYPE = YES_ERROR;
				GCC_WARN_UNDECLARED_SELECTOR = YES;
				GCC_WARN_UNINITIALIZED_AUTOS = YES_AGGRESSIVE;
				GCC_WARN_UNUSED_FUNCTION = YES;
				GCC_WARN_UNUSED_VARIABLE = YES;
				IPHONEOS_DEPLOYMENT_TARGET = 16.2;
				MTL_ENABLE_DEBUG_INFO = NO;
				MTL_FAST_MATH = YES;
				SDKROOT = iphoneos;
				SWIFT_COMPILATION_MODE = wholemodule;
				SWIFT_OPTIMIZATION_LEVEL = "-O";
				VALIDATE_PRODUCT = YES;
			};
			name = Release;
		};
		E96C4EF929D63F0C00ACF1CD /* Debug */ = {
			isa = XCBuildConfiguration;
			buildSettings = {
				ASSETCATALOG_COMPILER_APPICON_NAME = AppIcon;
				ASSETCATALOG_COMPILER_GLOBAL_ACCENT_COLOR_NAME = AccentColor;
				CODE_SIGN_STYLE = Automatic;
				CURRENT_PROJECT_VERSION = 1;
				DEVELOPMENT_ASSET_PATHS = "\"CryptoServiceApp/Preview Content\"";
				DEVELOPMENT_TEAM = ZW3N55LCY7;
				ENABLE_PREVIEWS = YES;
				GENERATE_INFOPLIST_FILE = YES;
				INFOPLIST_FILE = CryptoServiceApp/Info.plist;
				INFOPLIST_KEY_CFBundleDisplayName = "Crypto Tracker";
				INFOPLIST_KEY_UIApplicationSupportsIndirectInputEvents = YES;
				INFOPLIST_KEY_UILaunchScreen_Generation = YES;
				INFOPLIST_KEY_UISupportedInterfaceOrientations = UIInterfaceOrientationPortrait;
				LD_RUNPATH_SEARCH_PATHS = (
					"$(inherited)",
					"@executable_path/Frameworks",
				);
				MARKETING_VERSION = 1.0;
				PRODUCT_BUNDLE_IDENTIFIER = "Pavel-andreev.CryptoServiceApp";
				PRODUCT_NAME = "$(TARGET_NAME)";
				SUPPORTED_PLATFORMS = "iphoneos iphonesimulator";
				SUPPORTS_MACCATALYST = NO;
				SUPPORTS_MAC_DESIGNED_FOR_IPHONE_IPAD = YES;
				SWIFT_EMIT_LOC_STRINGS = YES;
				SWIFT_VERSION = 5.0;
				TARGETED_DEVICE_FAMILY = 1;
			};
			name = Debug;
		};
		E96C4EFA29D63F0C00ACF1CD /* Release */ = {
			isa = XCBuildConfiguration;
			buildSettings = {
				ASSETCATALOG_COMPILER_APPICON_NAME = AppIcon;
				ASSETCATALOG_COMPILER_GLOBAL_ACCENT_COLOR_NAME = AccentColor;
				CODE_SIGN_STYLE = Automatic;
				CURRENT_PROJECT_VERSION = 1;
				DEVELOPMENT_ASSET_PATHS = "\"CryptoServiceApp/Preview Content\"";
				DEVELOPMENT_TEAM = ZW3N55LCY7;
				ENABLE_PREVIEWS = YES;
				GENERATE_INFOPLIST_FILE = YES;
				INFOPLIST_FILE = CryptoServiceApp/Info.plist;
				INFOPLIST_KEY_CFBundleDisplayName = "Crypto Tracker";
				INFOPLIST_KEY_UIApplicationSupportsIndirectInputEvents = YES;
				INFOPLIST_KEY_UILaunchScreen_Generation = YES;
				INFOPLIST_KEY_UISupportedInterfaceOrientations = UIInterfaceOrientationPortrait;
				LD_RUNPATH_SEARCH_PATHS = (
					"$(inherited)",
					"@executable_path/Frameworks",
				);
				MARKETING_VERSION = 1.0;
				PRODUCT_BUNDLE_IDENTIFIER = "Pavel-andreev.CryptoServiceApp";
				PRODUCT_NAME = "$(TARGET_NAME)";
				SUPPORTED_PLATFORMS = "iphoneos iphonesimulator";
				SUPPORTS_MACCATALYST = NO;
				SUPPORTS_MAC_DESIGNED_FOR_IPHONE_IPAD = YES;
				SWIFT_EMIT_LOC_STRINGS = YES;
				SWIFT_VERSION = 5.0;
				TARGETED_DEVICE_FAMILY = 1;
			};
			name = Release;
		};
/* End XCBuildConfiguration section */

/* Begin XCConfigurationList section */
		E96C4EE529D63F0B00ACF1CD /* Build configuration list for PBXProject "CryptoServiceApp" */ = {
			isa = XCConfigurationList;
			buildConfigurations = (
				E96C4EF629D63F0C00ACF1CD /* Debug */,
				E96C4EF729D63F0C00ACF1CD /* Release */,
			);
			defaultConfigurationIsVisible = 0;
			defaultConfigurationName = Release;
		};
		E96C4EF829D63F0C00ACF1CD /* Build configuration list for PBXNativeTarget "CryptoServiceApp" */ = {
			isa = XCConfigurationList;
			buildConfigurations = (
				E96C4EF929D63F0C00ACF1CD /* Debug */,
				E96C4EFA29D63F0C00ACF1CD /* Release */,
			);
			defaultConfigurationIsVisible = 0;
			defaultConfigurationName = Release;
		};
/* End XCConfigurationList section */

/* Begin XCVersionGroup section */
		E9EB766129E506D200C9BA0F /* PortfolioContainer.xcdatamodeld */ = {
			isa = XCVersionGroup;
			children = (
				E9EB766229E506D200C9BA0F /* PortfolioContainer.xcdatamodel */,
			);
			currentVersion = E9EB766229E506D200C9BA0F /* PortfolioContainer.xcdatamodel */;
			path = PortfolioContainer.xcdatamodeld;
			sourceTree = "<group>";
			versionGroupType = wrapper.xcdatamodel;
		};
/* End XCVersionGroup section */
	};
	rootObject = E96C4EE229D63F0B00ACF1CD /* Project object */;
}
